
Microsoft Visual Studio Solution File, Format Version 12.00
# Visual Studio Version 17
VisualStudioVersion = 17.2.32519.379
MinimumVisualStudioVersion = 10.0.40219.1
Project("{FAE04EC0-301F-11D3-BF4B-00C04F79EFBC}") = "TotalCommander", "TotalCommander\TotalCommander.csproj", "{391E8328-3DAC-4D98-8860-3F794CAF8BAF}"
EndProject
Global
	GlobalSection(SolutionConfigurationPlatforms) = preSolution
		Debug|Any CPU = Debug|Any CPU
		Release|Any CPU = Release|Any CPU
	EndGlobalSection
	GlobalSection(ProjectConfigurationPlatforms) = postSolution
		{391E8328-3DAC-4D98-8860-3F794CAF8BAF}.Debug|Any CPU.ActiveCfg = Debug|Any CPU
		{391E8328-3DAC-4D98-8860-3F794CAF8BAF}.Debug|Any CPU.Build.0 = Debug|Any CPU
		{391E8328-3DAC-4D98-8860-3F794CAF8BAF}.Release|Any CPU.ActiveCfg = Release|Any CPU
		{391E8328-3DAC-4D98-8860-3F794CAF8BAF}.Release|Any CPU.Build.0 = Release|Any CPU
	EndGlobalSection
	GlobalSection(SolutionProperties) = preSolution
		HideSolutionNode = FALSE
	EndGlobalSection
	GlobalSection(ExtensibilityGlobals) = postSolution
		SolutionGuid = {14FF3918-F3A6-41F7-9E19-A9E67E45E0B3}
	EndGlobalSection
EndGlobal
